<?xml version="1.0" encoding="utf-8"?>
<Project ToolsVersion="4.0" xmlns="http://schemas.microsoft.com/developer/msbuild/2003">
  <ItemGroup>
    <ClCompile Include="FrameRateController.cpp" />
    <ClCompile Include="GameObject.cpp" />
    <ClCompile Include="GameObjectManager.cpp" />
    <ClCompile Include="InputManager.cpp" />
    <ClCompile Include="Main.cpp" />
    <ClCompile Include="ResourceManager.cpp" />
    <ClCompile Include="Components\Component.cpp">
      <Filter>Components</Filter>
    </ClCompile>
    <ClCompile Include="Components\UpDown.cpp">
      <Filter>Components</Filter>
    </ClCompile>
    <ClCompile Include="Components\Transform.cpp">
      <Filter>Components</Filter>
    </ClCompile>
    <ClCompile Include="Components\Sprite.cpp">
      <Filter>Components</Filter>
    </ClCompile>
    <ClCompile Include="Components\Controller.cpp">
      <Filter>Components</Filter>
    </ClCompile>
    <ClCompile Include="ObjectFactory.cpp" />
    <ClCompile Include="Components\Slime.cpp">
      <Filter>Components</Filter>
    </ClCompile>
    <ClCompile Include="Components\Character.cpp">
      <Filter>Components</Filter>
    </ClCompile>
    <ClCompile Include="Components\Augmentor.cpp">
      <Filter>Components</Filter>
    </ClCompile>
    <ClCompile Include="Components\Sniper.cpp">
      <Filter>Components</Filter>
    </ClCompile>
    <ClCompile Include="CollisionManager.cpp" />
    <ClCompile Include="EventManager.cpp" />
    <ClCompile Include="Moderator.cpp" />
  </ItemGroup>
  <ItemGroup>
    <ClInclude Include="FrameRateController.h" />
    <ClInclude Include="GameObject.h" />
    <ClInclude Include="GameObjectManager.h" />
    <ClInclude Include="InputManager.h" />
    <ClInclude Include="resource.h" />
    <ClInclude Include="ResourceManager.h" />
    <ClInclude Include="Components\Component.h">
      <Filter>Components</Filter>
    </ClInclude>
    <ClInclude Include="Components\UpDown.h">
      <Filter>Components</Filter>
    </ClInclude>
    <ClInclude Include="Components\Transform.h">
      <Filter>Components</Filter>
    </ClInclude>
    <ClInclude Include="Components\Sprite.h">
      <Filter>Components</Filter>
    </ClInclude>
    <ClInclude Include="Components\Controller.h">
      <Filter>Components</Filter>
    </ClInclude>
    <ClInclude Include="ObjectFactory.h" />
    <ClInclude Include="Components\Slime.h">
      <Filter>Components</Filter>
    </ClInclude>
    <ClInclude Include="Components\Character.h">
      <Filter>Components</Filter>
    </ClInclude>
    <ClInclude Include="Components\Augmentor.h">
      <Filter>Components</Filter>
    </ClInclude>
    <ClInclude Include="Components\Sniper.h">
      <Filter>Components</Filter>
    </ClInclude>
    <ClInclude Include="CollisionManager.h" />
    <ClInclude Include="EventManager.h" />
    <ClInclude Include="Moderator.h" />
  </ItemGroup>
  <ItemGroup>
    <ResourceCompile Include="Game Engine.rc" />
  </ItemGroup>
  <ItemGroup>
    <Filter Include="Components">
      <UniqueIdentifier>{5ec2d55e-7aaa-4b30-9d53-0f4b47bb9aeb}</UniqueIdentifier>
    </Filter>
  </ItemGroup>
  <ItemGroup>
    <None Include="Transform.vert" />
    <None Include="Transform.frag" />
    <None Include="Circ.frag" />
    <None Include="Circ.vert" />
    <None Include="Rect.frag" />
    <None Include="Rect.vert" />
  </ItemGroup>
</Project>